{
  "lockfileVersion": 1,
  "workspaces": {
    "": {
      "name": "mutav-protocol-solana",
      "devDependencies": {
        "@codama/nodes-from-anchor": "1.5.6",
        "@codama/renderers-js": "2.5.0",
        "@solana/kit": "8.4.0",
        "@types/bun": "1.3.1",
        "codama": "1.11.0",
        "typescript": "^5.9.0",
      },
    },
    "clients/js": {
      "name": "@mutav-finance/mutav-protocol-solana",
      "version": "0.1.0",
      "devDependencies": {
        "@solana/kit": "8.4.0",
        "@types/bun": "1.3.1",
        "@types/node": "^24.0.0",
      },
      "peerDependencies": {
        "@solana/kit": "^8.4.0",
      },
    },
  },
  "packages": {
    "@codama/cli": ["@codama/cli@1.6.3", "", { "dependencies": { "@codama/nodes": "1.11.0", "@codama/visitors": "1.11.0", "@codama/visitors-core": "1.11.0", "commander": "^15.0.0", "picocolors": "^1.1.1", "prompts": "^2.4.2" }, "bin": { "codama": "bin/cli.cjs" } }, "sha512-VSL/5hshedUUq9RmWgq/Q8GpeTfiJkr9LBejhK0I6n1+my5Mr8GFo1p66cqV5Rz7KS1m8UUiM8QZxmUwwEdioA=="],

    "@codama/errors": ["@codama/errors@1.11.0", "", { "dependencies": { "@codama/node-types": "1.11.0", "commander": "^15.0.0", "picocolors": "^1.1.1" }, "bin": { "errors": "bin/cli.cjs" } }, "sha512-JVEgRdHTuTER9eb0Y6uGhG2UHN9LRKA4gj9Wiijvsnj8mxhaweLbbqyJcBAWUvx95yo+CsvHJdItS/7TY0Loxg=="],

    "@codama/fragments": ["@codama/fragments@1.0.0", "", { "dependencies": { "@codama/errors": "1.11.0" } }, "sha512-hwiteKd/MC3JdU8YS6BwdsEqs7NLcNDd6zz433ac85VUMT17YaYVLlfSCqb1RZRRXzgBA2Kso8DtWFlvwd3UIw=="],

    "@codama/node-types": ["@codama/node-types@1.11.0", "", {}, "sha512-QfTvw+q8TLHHHAKvmbhklYTcb5dnO8PO8I4HaON5j/nWSM999r46nTOSyOx8yQ5kPN/mBJy3lpU93cvVrDrmNg=="],

    "@codama/nodes": ["@codama/nodes@1.11.0", "", { "dependencies": { "@codama/errors": "1.11.0", "@codama/node-types": "1.11.0" } }, "sha512-u9Gd42ovraxtYts1+B80fO9PumGlpj3wOazStiI/bckjDJs4ytedfkR47vEfYTdy5P3uD152RLr/0t+Cs7ts5A=="],

    "@codama/nodes-from-anchor": ["@codama/nodes-from-anchor@1.5.6", "", { "dependencies": { "@codama/errors": "1.11.0", "@codama/nodes": "1.11.0", "@codama/visitors": "1.11.0", "@noble/hashes": "^2.4.0", "@solana/codecs": "^8.3.0" } }, "sha512-Ldn8WYDNOG42yWc3Kl/mqeVdfQC84Hhf5d2cYMpw90sc51eHSZ4HFnnpAEnHEyf3s0FhId05JmkKJ+QtkKy3rg=="],

    "@codama/renderers-core": ["@codama/renderers-core@1.4.1", "", { "dependencies": { "@codama/errors": "1.11.0", "@codama/fragments": "1.0.0", "@codama/nodes": "1.11.0", "@codama/visitors-core": "1.11.0" } }, "sha512-L/mNuzP29emEz9O2+tghToNvtTnfjpenJ984LrnRi4p8uonf3vOROUzDE+9w5httoowQt0YHCxFvQ8DP5lK0DQ=="],

    "@codama/renderers-js": ["@codama/renderers-js@2.5.0", "", { "dependencies": { "@codama/errors": "^1.10.0", "@codama/nodes": "^1.10.0", "@codama/renderers-core": "^1.3.11", "@codama/visitors-core": "^1.10.0", "@solana/codecs-strings": "^8.0.0", "prettier": "^3.8.1", "semver": "^7.7.3" } }, "sha512-Jh7qkU4jim2YX7JZujSzlMsmi8PIfGW4ZVLF69uq6EmGZJ48oxRR9zVGc1BxYWH3PHxRQsJCLlEzRKqb93XGcA=="],

    "@codama/validators": ["@codama/validators@1.11.0", "", { "dependencies": { "@codama/errors": "1.11.0", "@codama/nodes": "1.11.0", "@codama/visitors-core": "1.11.0" } }, "sha512-aOv+DL01aUkg7lW4N1A37NZ6cpWdNvlYV0M6FSP7IhqX4h3wsdnoBWMp5pRbZKYlJp78uF1dG9+W5U7l9SKxOg=="],

    "@codama/visitors": ["@codama/visitors@1.11.0", "", { "dependencies": { "@codama/errors": "1.11.0", "@codama/nodes": "1.11.0", "@codama/visitors-core": "1.11.0" } }, "sha512-2Xfkqk3fxiPL69gi24HThCV8cflWq94pGf+4rmDx9SmPtvK5wfOVQ6J68d47T1/FuVTsFJ8R41ZVfaoGZ/CBRg=="],

    "@codama/visitors-core": ["@codama/visitors-core@1.11.0", "", { "dependencies": { "@codama/errors": "1.11.0", "@codama/nodes": "1.11.0", "json-stable-stringify": "^1.3.0" } }, "sha512-hF3d9JocVx4kRWgMNRTbL/4yq56z31l+C2JKRoRTJ6IlOZESlqUxUcU8HeuoR/2zXbsWTIMnvxFlfTemCOGvgg=="],

    "@mutav-finance/mutav-protocol-solana": ["@mutav-finance/mutav-protocol-solana@workspace:clients/js"],

    "@noble/hashes": ["@noble/hashes@2.4.0", "", {}, "sha512-X5XaVWZIBCT7HHZGm5I7ZQXDwLG+bGXuSrMQAW+7Zvl87h1kmc1ZB1VSRJcpUfoUrGQp4Fkoxm5kZ+Ms+aW+eA=="],

    "@solana/accounts": ["@solana/accounts@8.4.0", "", { "dependencies": { "@solana/addresses": "8.4.0", "@solana/codecs-core": "8.4.0", "@solana/codecs-strings": "8.4.0", "@solana/errors": "8.4.0", "@solana/rpc-spec": "8.4.0", "@solana/rpc-types": "8.4.0" }, "peerDependencies": { "typescript": ">=5.4.0" }, "optionalPeers": ["typescript"] }, "sha512-YklERWeG5UD2fzxR0zwWgzCVyuHRqg6eTIyGBAe8hOWIim8TYS1aPBVFAlVkSZiAXaFRxmu1E3IRfeCe/QSQmg=="],

    "@solana/addresses": ["@solana/addresses@8.4.0", "", { "dependencies": { "@solana/assertions": "8.4.0", "@solana/codecs-core": "8.4.0", "@solana/codecs-strings": "8.4.0", "@solana/errors": "8.4.0", "@solana/nominal-types": "8.4.0" }, "peerDependencies": { "typescript": ">=5.4.0" }, "optionalPeers": ["typescript"] }, "sha512-5nF1AAaCtmaSEHcFIIs6TPMIWplaYBxeJ2ZR0z5oPIY+fjpWb9lxCuJyYQxYKHIvp4OdSiueW0q11yXrnyqM+A=="],

    "@solana/assertions": ["@solana/assertions@8.4.0", "", { "dependencies": { "@solana/errors": "8.4.0" }, "peerDependencies": { "typescript": ">=5.4.0" }, "optionalPeers": ["typescript"] }, "sha512-Pg/PKw/fA+KIHp6X6aGx4fIkr6S7k7wUw7v8Rkr3TkY4tzrbjZDnXEgv1/8dxGh+IX3UNb+5stD8rtAAscxW1g=="],

    "@solana/codecs": ["@solana/codecs@8.4.0", "", { "dependencies": { "@solana/codecs-core": "8.4.0", "@solana/codecs-data-structures": "8.4.0", "@solana/codecs-numbers": "8.4.0", "@solana/codecs-strings": "8.4.0", "@solana/fixed-points": "8.4.0", "@solana/options": "8.4.0" }, "peerDependencies": { "typescript": ">=5.4.0" }, "optionalPeers": ["typescript"] }, "sha512-mY7CpMQ4nbecxQIyvslEw7nEreiY0QVvg+aZOPbrBjIiZxu2qj9fyhCrDXJdQlcJ+aYh1sInbR8KARpmHgJLQg=="],

    "@solana/codecs-core": ["@solana/codecs-core@8.4.0", "", { "dependencies": { "@solana/errors": "8.4.0" }, "peerDependencies": { "typescript": ">=5.4.0" }, "optionalPeers": ["typescript"] }, "sha512-HOsIB3Ic/qnlXv4V0Q5gpxFxBy5pBiINpEMtCzGtHRnj7mI3Amsh8HKR7x9nbP1SBDuDlOrP/Mds9yIqyKn8TQ=="],

    "@solana/codecs-data-structures": ["@solana/codecs-data-structures@8.4.0", "", { "dependencies": { "@solana/codecs-core": "8.4.0", "@solana/codecs-numbers": "8.4.0", "@solana/errors": "8.4.0" }, "peerDependencies": { "typescript": ">=5.4.0" }, "optionalPeers": ["typescript"] }, "sha512-qx9EnKGZzpiNonUoYNMZC4gfw86jfu4uShh0bcWb1o9dPU1kgZ/xCsCgTRf/5WEPZU2fbPNGtvVMr4dKWCTjzw=="],

    "@solana/codecs-numbers": ["@solana/codecs-numbers@8.4.0", "", { "dependencies": { "@solana/codecs-core": "8.4.0", "@solana/errors": "8.4.0" }, "peerDependencies": { "typescript": ">=5.4.0" }, "optionalPeers": ["typescript"] }, "sha512-A9SlaBylkTFjtBiVrFUX3We5SZK4L/Q6SKpPyazZQ1MTCO0FyTuKyZwDART2Pzg+C/5xLWjSns+FSTR8FhD/Rg=="],

    "@solana/codecs-strings": ["@solana/codecs-strings@8.4.0", "", { "dependencies": { "@solana/codecs-core": "8.4.0", "@solana/codecs-numbers": "8.4.0", "@solana/errors": "8.4.0" }, "peerDependencies": { "fastestsmallesttextencoderdecoder": "^1.0.22", "typescript": ">=5.4.0" }, "optionalPeers": ["fastestsmallesttextencoderdecoder", "typescript"] }, "sha512-jQhRrJT3ZoeDoSA5DtGxPmI5ODJi3STTCrtIXIniLr1J1cXUSlPfYe8BKOurNwC+SlEJyRmKfpVze+qeLacmmw=="],

    "@solana/errors": ["@solana/errors@8.4.0", "", { "dependencies": { "chalk": "5.6.2", "commander": "15.0.0" }, "peerDependencies": { "typescript": ">=5.4.0" }, "optionalPeers": ["typescript"], "bin": { "errors": "bin/cli.mjs" } }, "sha512-t59ageeK8xa6LrCzj93QEhYtVr5t3GdnTH3qJMGqrCFMYM6IvNFLljlz4N75X+xYktj3sRABTrNoCfekeQlckA=="],

    "@solana/fast-stable-stringify": ["@solana/fast-stable-stringify@8.4.0", "", { "peerDependencies": { "typescript": ">=5.4.0" }, "optionalPeers": ["typescript"] }, "sha512-XKVKeocf0T9hjmUHKrOG+exxfZmv+IPQrdkvuTdegyB6V5X4aOlR6IfrJQiTMsJx6IY4EAW3aisxTgZmH5OlYg=="],

    "@solana/fixed-points": ["@solana/fixed-points@8.4.0", "", { "dependencies": { "@solana/codecs-core": "8.4.0", "@solana/errors": "8.4.0" }, "peerDependencies": { "typescript": ">=5.4.0" }, "optionalPeers": ["typescript"] }, "sha512-YzWZDPn3B6o3j+leuOhxH7Soip12NJVx5lJaRpEeBB4AcJczTiKGCQMSsxQglGSRHc0jwfrH4+Uxla1BlCkgBg=="],

    "@solana/functional": ["@solana/functional@8.4.0", "", { "peerDependencies": { "typescript": ">=5.4.0" }, "optionalPeers": ["typescript"] }, "sha512-q5pEoqAtEGFsJXK3mnlemLinzRJHvOMjGmuLoWU6c33NQHjfpTEz80hjnRA25BABMLC0l/vhymeLh+YhUv/szw=="],

    "@solana/instruction-plans": ["@solana/instruction-plans@8.4.0", "", { "dependencies": { "@solana/errors": "8.4.0", "@solana/instructions": "8.4.0", "@solana/keys": "8.4.0", "@solana/promises": "8.4.0", "@solana/transaction-messages": "8.4.0", "@solana/transactions": "8.4.0" }, "peerDependencies": { "typescript": ">=5.4.0" }, "optionalPeers": ["typescript"] }, "sha512-+qY9d2Jzt2uxzjXs/ZZi448MbpMH0fiB3pWy8krUbCxW8eTl8tMuqIZvltMe05FldFR432xi6xFeMVl0Bw4CWA=="],

    "@solana/instructions": ["@solana/instructions@8.4.0", "", { "dependencies": { "@solana/codecs-core": "8.4.0", "@solana/errors": "8.4.0" }, "peerDependencies": { "typescript": ">=5.4.0" }, "optionalPeers": ["typescript"] }, "sha512-muT/BBKDTl0UsHsnKySVaNBWIcHbs8nn8nOd1GI9J0OvX4gV/pNtaJfrEW+ETX9SjcIB4AcBQZsIr3LjavvrKQ=="],

    "@solana/keys": ["@solana/keys@8.4.0", "", { "dependencies": { "@solana/assertions": "8.4.0", "@solana/codecs-core": "8.4.0", "@solana/codecs-strings": "8.4.0", "@solana/errors": "8.4.0", "@solana/nominal-types": "8.4.0", "@solana/promises": "8.4.0" }, "peerDependencies": { "typescript": ">=5.4.0" }, "optionalPeers": ["typescript"] }, "sha512-arjjFlJLBnGq0PWWswqO1n8kHxW02EbP9KTCoZo/TYDcSDcPdC4gL4fjAxbP6t5fVXTIu1tM3QGmab6FZxnmJg=="],

    "@solana/kit": ["@solana/kit@8.4.0", "", { "dependencies": { "@solana/accounts": "8.4.0", "@solana/addresses": "8.4.0", "@solana/codecs": "8.4.0", "@solana/errors": "8.4.0", "@solana/functional": "8.4.0", "@solana/instruction-plans": "8.4.0", "@solana/instructions": "8.4.0", "@solana/keys": "8.4.0", "@solana/offchain-messages": "8.4.0", "@solana/plugin-core": "8.4.0", "@solana/plugin-interfaces": "8.4.0", "@solana/program-client-core": "8.4.0", "@solana/programs": "8.4.0", "@solana/promises": "8.4.0", "@solana/rpc": "8.4.0", "@solana/rpc-api": "8.4.0", "@solana/rpc-parsed-types": "8.4.0", "@solana/rpc-spec-types": "8.4.0", "@solana/rpc-subscriptions": "8.4.0", "@solana/rpc-types": "8.4.0", "@solana/signers": "8.4.0", "@solana/subscribable": "8.4.0", "@solana/sysvars": "8.4.0", "@solana/transaction-confirmation": "8.4.0", "@solana/transaction-introspection": "8.4.0", "@solana/transaction-messages": "8.4.0", "@solana/transactions": "8.4.0" }, "peerDependencies": { "typescript": ">=5.4.0" }, "optionalPeers": ["typescript"] }, "sha512-jbexijXuCqQ7MV5lFzPDEsVScreFENkhUOUVofniTkBsfi67cYGgEeGzJa7oskHGyXcWaEogW0VPVh4ep3cWnw=="],

    "@solana/nominal-types": ["@solana/nominal-types@8.4.0", "", { "peerDependencies": { "typescript": ">=5.4.0" }, "optionalPeers": ["typescript"] }, "sha512-01LNXtH3THaR0SFXbJ9iXhaZAVBfLJoHWYC/x2GdNIontc45qMX8wFtglZe4RaT528/kre6J+f+4NGGGd4+YPA=="],

    "@solana/offchain-messages": ["@solana/offchain-messages@8.4.0", "", { "dependencies": { "@solana/addresses": "8.4.0", "@solana/codecs-core": "8.4.0", "@solana/codecs-data-structures": "8.4.0", "@solana/codecs-numbers": "8.4.0", "@solana/codecs-strings": "8.4.0", "@solana/errors": "8.4.0", "@solana/keys": "8.4.0", "@solana/nominal-types": "8.4.0" }, "peerDependencies": { "typescript": ">=5.4.0" }, "optionalPeers": ["typescript"] }, "sha512-vE28aDf14XldqoYGwwRG1OvsUKVal1FTxM+O1p1bPHho0bQgUiHvqtsDvQtTZBPJpx7d4l5Xo7TKN4DVZ+VgTQ=="],

    "@solana/options": ["@solana/options@8.4.0", "", { "dependencies": { "@solana/codecs-core": "8.4.0", "@solana/codecs-data-structures": "8.4.0", "@solana/codecs-numbers": "8.4.0", "@solana/codecs-strings": "8.4.0", "@solana/errors": "8.4.0" }, "peerDependencies": { "typescript": ">=5.4.0" }, "optionalPeers": ["typescript"] }, "sha512-3fnmCT/WNWOMpD5uhyi1/aI4fwtb13MQSEqiTqsboZhHClli1WAOyPhyC5I/YeJ7wF+RMzX8UE/11KU9IMazNA=="],

    "@solana/plugin-core": ["@solana/plugin-core@8.4.0", "", { "peerDependencies": { "typescript": ">=5.4.0" }, "optionalPeers": ["typescript"] }, "sha512-mRB5iQ+ZEISGyHnFvFDUJyDmK7YbPxmsJk38SKg3ncxqcSxMEhK4hZ7kJBo2UMsyDX1Sn2VSGJYPhZwdOa3s8w=="],

    "@solana/plugin-interfaces": ["@solana/plugin-interfaces@8.4.0", "", { "dependencies": { "@solana/accounts": "8.4.0", "@solana/addresses": "8.4.0", "@solana/instruction-plans": "8.4.0", "@solana/keys": "8.4.0", "@solana/rpc-spec": "8.4.0", "@solana/rpc-subscriptions-spec": "8.4.0", "@solana/rpc-types": "8.4.0", "@solana/signers": "8.4.0", "@solana/transactions": "8.4.0" }, "peerDependencies": { "typescript": ">=5.4.0" }, "optionalPeers": ["typescript"] }, "sha512-R1y8z9aBCHXnx7Aqax4ORBaC1wQaHS+KQjnbNEbVZijeJhfoKbSBA5vwlweEZPKT+l2iPL9jlxPrDlVDl4NyhQ=="],

    "@solana/program-client-core": ["@solana/program-client-core@8.4.0", "", { "dependencies": { "@solana/accounts": "8.4.0", "@solana/addresses": "8.4.0", "@solana/codecs-core": "8.4.0", "@solana/errors": "8.4.0", "@solana/instruction-plans": "8.4.0", "@solana/instructions": "8.4.0", "@solana/plugin-interfaces": "8.4.0", "@solana/rpc-api": "8.4.0", "@solana/signers": "8.4.0" }, "peerDependencies": { "typescript": ">=5.4.0" }, "optionalPeers": ["typescript"] }, "sha512-GBgz9wHMp2BOKRTp/IAATooTLPIe+6Y0jCTYOSkXME9F7xyh1o7mGu0lEbotnB6C3fubaXzU6Swk9SYskl7Sig=="],

    "@solana/programs": ["@solana/programs@8.4.0", "", { "dependencies": { "@solana/addresses": "8.4.0", "@solana/errors": "8.4.0" }, "peerDependencies": { "typescript": ">=5.4.0" }, "optionalPeers": ["typescript"] }, "sha512-KZvtGP7spytak0igTSb1tulNc5fhCEyjYNlMBObveohVhrzT7/t7M6ioqcJpAvv1bWm+E7E4FI5B+fjMKMpAxQ=="],

    "@solana/promises": ["@solana/promises@8.4.0", "", { "peerDependencies": { "typescript": ">=5.4.0" }, "optionalPeers": ["typescript"] }, "sha512-keb+TXJZHRT605HLakRanfjnSVUFYG6za+P7W8UDKA2ZUp+LTi1As5fQTkhRyFO/GOrbmP9a7lYC5eNGAekg6w=="],

    "@solana/rpc": ["@solana/rpc@8.4.0", "", { "dependencies": { "@solana/errors": "8.4.0", "@solana/fast-stable-stringify": "8.4.0", "@solana/functional": "8.4.0", "@solana/rpc-api": "8.4.0", "@solana/rpc-spec": "8.4.0", "@solana/rpc-spec-types": "8.4.0", "@solana/rpc-transformers": "8.4.0", "@solana/rpc-transport-http": "8.4.0", "@solana/rpc-types": "8.4.0" }, "peerDependencies": { "typescript": ">=5.4.0" }, "optionalPeers": ["typescript"] }, "sha512-xrJa4Bapskl1aud+qirKFbDy1A22vWHGwW9YKav20Q1YjJRItE8MfJ9N4c3MAtaSkC59QhBeHOsuf3F0gm+Hxw=="],

    "@solana/rpc-api": ["@solana/rpc-api@8.4.0", "", { "dependencies": { "@solana/addresses": "8.4.0", "@solana/codecs-core": "8.4.0", "@solana/codecs-strings": "8.4.0", "@solana/errors": "8.4.0", "@solana/keys": "8.4.0", "@solana/rpc-parsed-types": "8.4.0", "@solana/rpc-spec": "8.4.0", "@solana/rpc-transformers": "8.4.0", "@solana/rpc-types": "8.4.0", "@solana/transaction-messages": "8.4.0", "@solana/transactions": "8.4.0" }, "peerDependencies": { "typescript": ">=5.4.0" }, "optionalPeers": ["typescript"] }, "sha512-tD26U9U7pOQoLiTp7MoyWYPSmnvLAa9OrpQPGQ8NVUU7xXOeVKSKRe3rI4EL/zzcPNXeCAKtLJ449u8ejLT7LA=="],

    "@solana/rpc-parsed-types": ["@solana/rpc-parsed-types@8.4.0", "", { "peerDependencies": { "typescript": ">=5.4.0" }, "optionalPeers": ["typescript"] }, "sha512-/vBcGcLy/W1r8t0ST+gc3EqVPFx7dRFxkt5RoYE9tepEiroOwLbVg7rKtgtKifkFBODSVDcupEkTBBhRbWpB9A=="],

    "@solana/rpc-spec": ["@solana/rpc-spec@8.4.0", "", { "dependencies": { "@solana/errors": "8.4.0", "@solana/rpc-spec-types": "8.4.0", "@solana/subscribable": "8.4.0" }, "peerDependencies": { "typescript": ">=5.4.0" }, "optionalPeers": ["typescript"] }, "sha512-g5R8jJoYDjwb4sEUw8PxReAw5OETSjWSgMF+f/Q+0BGRiX+hNO//3qxWRL0rpWAnHi9R03W5Li/sPOYC8IGL1Q=="],

    "@solana/rpc-spec-types": ["@solana/rpc-spec-types@8.4.0", "", { "dependencies": { "@solana/errors": "8.4.0" }, "peerDependencies": { "typescript": ">=5.4.0" }, "optionalPeers": ["typescript"] }, "sha512-YnxoUzWy/bwdclB3ipu7+4/mnnb4Jqmgq1O20zhQ81cUGZseEWy++Y4GJA0OBZvrcDHhoRntSd26ABg9q0XaVg=="],

    "@solana/rpc-subscriptions": ["@solana/rpc-subscriptions@8.4.0", "", { "dependencies": { "@solana/errors": "8.4.0", "@solana/fast-stable-stringify": "8.4.0", "@solana/functional": "8.4.0", "@solana/promises": "8.4.0", "@solana/rpc-spec-types": "8.4.0", "@solana/rpc-subscriptions-api": "8.4.0", "@solana/rpc-subscriptions-channel-websocket": "8.4.0", "@solana/rpc-subscriptions-spec": "8.4.0", "@solana/rpc-transformers": "8.4.0", "@solana/rpc-types": "8.4.0", "@solana/subscribable": "8.4.0" }, "peerDependencies": { "typescript": ">=5.4.0" }, "optionalPeers": ["typescript"] }, "sha512-XkWl2flaGKkHzw6+StjVsYtJoB5xoGpnsdanXa1h1KnwK4HFFy/wsJ0P+5TY1Z0DR1IDn6voNl3KSQrQuEQm9Q=="],

    "@solana/rpc-subscriptions-api": ["@solana/rpc-subscriptions-api@8.4.0", "", { "dependencies": { "@solana/addresses": "8.4.0", "@solana/keys": "8.4.0", "@solana/rpc-subscriptions-spec": "8.4.0", "@solana/rpc-transformers": "8.4.0", "@solana/rpc-types": "8.4.0", "@solana/transaction-messages": "8.4.0", "@solana/transactions": "8.4.0" }, "peerDependencies": { "typescript": ">=5.4.0" }, "optionalPeers": ["typescript"] }, "sha512-qsSYyfmYSB8/VE6yks4Ls4fQyyi2VhS09PZaENfTSFk6iKAYyEnhOkwCu//MdeWOrrHDmGmxC2UdzpB61f+Fcg=="],

    "@solana/rpc-subscriptions-channel-websocket": ["@solana/rpc-subscriptions-channel-websocket@8.4.0", "", { "dependencies": { "@solana/errors": "8.4.0", "@solana/functional": "8.4.0", "@solana/rpc-subscriptions-spec": "8.4.0", "@solana/subscribable": "8.4.0", "ws": "^8.21.3" }, "peerDependencies": { "typescript": ">=5.4.0" }, "optionalPeers": ["typescript"] }, "sha512-O0UAs9G/lgBRf4Aw7kvG5quHWDWdfuTn8BJUy3KOvCFADOOGrrH6leXLHJAMxN2T8KmyO28cs2+GGW/CD5kWNQ=="],

    "@solana/rpc-subscriptions-spec": ["@solana/rpc-subscriptions-spec@8.4.0", "", { "dependencies": { "@solana/errors": "8.4.0", "@solana/promises": "8.4.0", "@solana/rpc-spec-types": "8.4.0", "@solana/subscribable": "8.4.0" }, "peerDependencies": { "typescript": ">=5.4.0" }, "optionalPeers": ["typescript"] }, "sha512-H7Jqleo+WR1hUcPexQCn5rIgGsXa7Ip0Pnl3Vzvv/DIpYEN5lpMrWXf3v9fVyG3jRxom5WW32xmYhiHa2dORzw=="],

    "@solana/rpc-transformers": ["@solana/rpc-transformers@8.4.0", "", { "dependencies": { "@solana/errors": "8.4.0", "@solana/functional": "8.4.0", "@solana/nominal-types": "8.4.0", "@solana/rpc-spec-types": "8.4.0", "@solana/rpc-types": "8.4.0" }, "peerDependencies": { "typescript": ">=5.4.0" }, "optionalPeers": ["typescript"] }, "sha512-FTlLgsjN/1RKeBidS5Dfb81VpeqRYESiKg7jTkbY6MXVL96bOMUihQDXAjmgUMMp95nTykuQjKas7pkG2Zsz5w=="],

    "@solana/rpc-transport-http": ["@solana/rpc-transport-http@8.4.0", "", { "dependencies": { "@solana/errors": "8.4.0", "@solana/rpc-spec": "8.4.0", "@solana/rpc-spec-types": "8.4.0", "undici-types": "^8.11.2" }, "peerDependencies": { "typescript": ">=5.4.0" }, "optionalPeers": ["typescript"] }, "sha512-MSlFqehp1CpADeSozzb/YnBEvkBlIrTcmLIVmeKbcTMOELV5yZKnp+bMQl05Q0swsyTr423kQ1XvV9Oqk3/KoA=="],

    "@solana/rpc-types": ["@solana/rpc-types@8.4.0", "", { "dependencies": { "@solana/addresses": "8.4.0", "@solana/codecs-core": "8.4.0", "@solana/codecs-numbers": "8.4.0", "@solana/codecs-strings": "8.4.0", "@solana/errors": "8.4.0", "@solana/fixed-points": "8.4.0", "@solana/nominal-types": "8.4.0" }, "peerDependencies": { "typescript": ">=5.4.0" }, "optionalPeers": ["typescript"] }, "sha512-orCi24z9u7AdaozJfgtXwdwHErQy5vO3h6/wCBd/W0bWsfRXiCCWqJcZJqyoZvl1y0oESGEkZR0CzrpedyaAqg=="],

    "@solana/signers": ["@solana/signers@8.4.0", "", { "dependencies": { "@solana/addresses": "8.4.0", "@solana/codecs-core": "8.4.0", "@solana/errors": "8.4.0", "@solana/instructions": "8.4.0", "@solana/keys": "8.4.0", "@solana/nominal-types": "8.4.0", "@solana/offchain-messages": "8.4.0", "@solana/transaction-messages": "8.4.0", "@solana/transactions": "8.4.0" }, "peerDependencies": { "typescript": ">=5.4.0" }, "optionalPeers": ["typescript"] }, "sha512-hqBzc1M/+y+6rUy7OVAisjoS0/pwhIB3B0VOoJfQ9yBjFmx8TguxcKevn4dP0DIeBK4HqQgiqJyJN0f5hbHfxQ=="],

    "@solana/subscribable": ["@solana/subscribable@8.4.0", "", { "dependencies": { "@solana/errors": "8.4.0", "@solana/promises": "8.4.0" }, "peerDependencies": { "typescript": ">=5.4.0" }, "optionalPeers": ["typescript"] }, "sha512-EgRMZWnxo1GYan014TscE5i9iDl/dgazwRAgyQ/QRUtB5FVcedRHr0Wh6dW6MJno4htKN4rZsMN+jAuaxLNfmw=="],

    "@solana/sysvars": ["@solana/sysvars@8.4.0", "", { "dependencies": { "@solana/accounts": "8.4.0", "@solana/codecs-core": "8.4.0", "@solana/codecs-data-structures": "8.4.0", "@solana/codecs-numbers": "8.4.0", "@solana/errors": "8.4.0", "@solana/rpc-types": "8.4.0" }, "peerDependencies": { "typescript": ">=5.4.0" }, "optionalPeers": ["typescript"] }, "sha512-M2Wk70cji0n0muwHuZiPpDLeRy3Iq19FSOCNQPC/VL5Bg4Ltm7G9PXPvX4/TEODfFGgOLGja4rZmFlECl7tlXg=="],

    "@solana/transaction-confirmation": ["@solana/transaction-confirmation@8.4.0", "", { "dependencies": { "@solana/addresses": "8.4.0", "@solana/codecs-strings": "8.4.0", "@solana/errors": "8.4.0", "@solana/keys": "8.4.0", "@solana/promises": "8.4.0", "@solana/rpc": "8.4.0", "@solana/rpc-subscriptions": "8.4.0", "@solana/rpc-types": "8.4.0", "@solana/transaction-messages": "8.4.0", "@solana/transactions": "8.4.0" }, "peerDependencies": { "typescript": ">=5.4.0" }, "optionalPeers": ["typescript"] }, "sha512-tTKRbzqUzpQGh4ZmL8MTyvZBWHzvcuvDrGROFk8vw2b1FINsv6BAKbxXKWUTWp2RO0ABcznMt+sFHAyPwQ/2/w=="],

    "@solana/transaction-introspection": ["@solana/transaction-introspection@8.4.0", "", { "dependencies": { "@solana/addresses": "8.4.0", "@solana/codecs-core": "8.4.0", "@solana/codecs-strings": "8.4.0", "@solana/errors": "8.4.0", "@solana/instructions": "8.4.0", "@solana/rpc-types": "8.4.0", "@solana/transaction-messages": "8.4.0", "@solana/transactions": "8.4.0" }, "peerDependencies": { "typescript": ">=5.4.0" }, "optionalPeers": ["typescript"] }, "sha512-qVvPIRh7Q76k1UNcy2wZIKpA6emmfhMVNUFNheD+eCzOycGDcCT3Y/Mt7H5qU+dDq4NKLNR/20h4aRu1Qendbg=="],

    "@solana/transaction-messages": ["@solana/transaction-messages@8.4.0", "", { "dependencies": { "@solana/addresses": "8.4.0", "@solana/codecs-core": "8.4.0", "@solana/codecs-data-structures": "8.4.0", "@solana/codecs-numbers": "8.4.0", "@solana/errors": "8.4.0", "@solana/functional": "8.4.0", "@solana/instructions": "8.4.0", "@solana/nominal-types": "8.4.0", "@solana/rpc-types": "8.4.0" }, "peerDependencies": { "typescript": ">=5.4.0" }, "optionalPeers": ["typescript"] }, "sha512-LdihUr4z6bAIv44z13uaShCXgb9C8DY0gZ+RcW9U+CcaDJwWhgZuy5IG2TBAAGa5lbEyRcYPQxD+/aE6b1F/WA=="],

    "@solana/transactions": ["@solana/transactions@8.4.0", "", { "dependencies": { "@solana/addresses": "8.4.0", "@solana/codecs-core": "8.4.0", "@solana/codecs-data-structures": "8.4.0", "@solana/codecs-numbers": "8.4.0", "@solana/codecs-strings": "8.4.0", "@solana/errors": "8.4.0", "@solana/functional": "8.4.0", "@solana/instructions": "8.4.0", "@solana/keys": "8.4.0", "@solana/nominal-types": "8.4.0", "@solana/rpc-types": "8.4.0", "@solana/transaction-messages": "8.4.0" }, "peerDependencies": { "typescript": ">=5.4.0" }, "optionalPeers": ["typescript"] }, "sha512-+FFNSlr5vVTcGS9c7seH7mNnjZY21uZ3pHxiN9jeduODD7z+caKnGgjmzokZSDYapFUcupniIr736CrJNmbMFw=="],

    "@types/bun": ["@types/bun@1.3.1", "", { "dependencies": { "bun-types": "1.3.1" } }, "sha512-4jNMk2/K9YJtfqwoAa28c8wK+T7nvJFOjxI4h/7sORWcypRNxBpr+TPNaCfVWq70tLCJsqoFwcf0oI0JU/fvMQ=="],

    "@types/node": ["@types/node@24.19.1", "", { "dependencies": { "undici-types": ">=7.24.0 <7.24.7" } }, "sha512-aS3/DG0oM05K0RIXXP+hKjinGG5IgSSVGzswZxW3O0sS3pH4/fycXundUC9XsszgKCk4gHXylTEK6hyFxVxnoQ=="],

    "@types/react": ["@types/react@19.3.0", "", { "dependencies": { "csstype": "^3.2.2" } }, "sha512-N0rFCuH9YoxG9/m61l9MfpJKfmLOVU0em7ipIz6TRgSSkvReLB9vL85GB+yr8Bs5leqpvg96JSwF4ZS1s4viQg=="],

    "bun-types": ["bun-types@1.3.1", "", { "dependencies": { "@types/node": "*" }, "peerDependencies": { "@types/react": "^19" } }, "sha512-NMrcy7smratanWJ2mMXdpatalovtxVggkj11bScuWuiOoXTiKIu2eVS1/7qbyI/4yHedtsn175n4Sm4JcdHLXw=="],

    "call-bind": ["call-bind@1.0.9", "", { "dependencies": { "call-bind-apply-helpers": "^1.0.2", "es-define-property": "^1.0.1", "get-intrinsic": "^1.3.0", "set-function-length": "^1.2.2" } }, "sha512-a/hy+pNsFUTR+Iz8TCJvXudKVLAnz/DyeSUo10I5yvFDQJBFU2s9uqQpoSrJlroHUKoKqzg+epxyP9lqFdzfBQ=="],

    "call-bind-apply-helpers": ["call-bind-apply-helpers@1.0.2", "", { "dependencies": { "es-errors": "^1.3.0", "function-bind": "^1.1.2" } }, "sha512-Sp1ablJ0ivDkSzjcaJdxEunN5/XvksFJ2sMBFfq6x0ryhQV/2b/KwFe21cMpmHtPOSij8K99/wSfoEuTObmuMQ=="],

    "call-bound": ["call-bound@1.0.4", "", { "dependencies": { "call-bind-apply-helpers": "^1.0.2", "get-intrinsic": "^1.3.0" } }, "sha512-+ys997U96po4Kx/ABpBCqhA9EuxJaQWDQg7295H4hBphv3IZg0boBKuwYpt4YXp6MZ5AmZQnU/tyMTlRpaSejg=="],

    "chalk": ["chalk@5.6.2", "", {}, "sha512-7NzBL0rN6fMUW+f7A6Io4h40qQlG+xGmtMxfbnH/K7TAtt8JQWVQK+6g0UXKMeVJoyV5EkkNsErQ8pVD3bLHbA=="],

    "codama": ["codama@1.11.0", "", { "dependencies": { "@codama/cli": "1.6.3", "@codama/errors": "1.11.0", "@codama/nodes": "1.11.0", "@codama/validators": "1.11.0", "@codama/visitors": "1.11.0" }, "bin": { "codama": "bin/cli.cjs" } }, "sha512-h8IjY8s1yNAA87aeA7D63SbZd9Be1lwfjp7r4pO3b8qwlYL+OKrZxEcErUyeMaXkpH8vKJUotRNlRKFsV1YVTg=="],

    "commander": ["commander@15.0.0", "", {}, "sha512-z67u4ZhzCL/Tydu1lJARtEZYWbWaN7oYLHbsuzocr6y4N6WZAagG3RQ4FW61V1/0+jImpj293XfrcYnd1qxtPg=="],

    "csstype": ["csstype@3.2.3", "", {}, "sha512-z1HGKcYy2xA8AGQfwrn0PAy+PB7X/GSj3UVJW9qKyn43xWa+gl5nXmU4qqLMRzWVLFC8KusUX8T/0kCiOYpAIQ=="],

    "define-data-property": ["define-data-property@1.1.4", "", { "dependencies": { "es-define-property": "^1.0.0", "es-errors": "^1.3.0", "gopd": "^1.0.1" } }, "sha512-rBMvIzlpA8v6E+SJZoo++HAYqsLrkg7MSfIinMPFhmkorw7X+dOXVJQs+QT69zGkzMyfDnIMN2Wid1+NbL3T+A=="],

    "dunder-proto": ["dunder-proto@1.0.1", "", { "dependencies": { "call-bind-apply-helpers": "^1.0.1", "es-errors": "^1.3.0", "gopd": "^1.2.0" } }, "sha512-KIN/nDJBQRcXw0MLVhZE9iQHmG68qAVIBg9CqmUYjmQIhgij9U5MFvrqkUL5FbtyyzZuOeOt0zdeRe4UY7ct+A=="],

    "es-define-property": ["es-define-property@1.0.1", "", {}, "sha512-e3nRfgfUZ4rNGL232gUgX06QNyyez04KdjFrF+LTRoOXmrOgFKDg4BCdsjW8EnT69eqdYGmRpJwiPVYNrCaW3g=="],

    "es-errors": ["es-errors@1.3.0", "", {}, "sha512-Zf5H2Kxt2xjTvbJvP2ZWLEICxA6j+hAmMzIlypy4xcBg1vKVnx89Wy0GbS+kf5cwCVFFzdCFh2XSCFNULS6csw=="],

    "es-object-atoms": ["es-object-atoms@1.1.2", "", { "dependencies": { "es-errors": "^1.3.0" } }, "sha512-HWcBoN6NileqtSydK2FqHbS/LoDd2pqrnQHLyJzBj4kOp/ky2MWMN694xOfkK8/SnUsW2DH7EfyVlydKCsm1Zw=="],

    "function-bind": ["function-bind@1.1.2", "", {}, "sha512-7XHNxH7qX9xG5mIwxkhumTox/MIRNcOgDrxWsMt2pAr23WHp6MrRlN7FBSFpCpr+oVO0F744iUgR82nJMfG2SA=="],

    "get-intrinsic": ["get-intrinsic@1.3.0", "", { "dependencies": { "call-bind-apply-helpers": "^1.0.2", "es-define-property": "^1.0.1", "es-errors": "^1.3.0", "es-object-atoms": "^1.1.1", "function-bind": "^1.1.2", "get-proto": "^1.0.1", "gopd": "^1.2.0", "has-symbols": "^1.1.0", "hasown": "^2.0.2", "math-intrinsics": "^1.1.0" } }, "sha512-9fSjSaos/fRIVIp+xSJlE6lfwhES7LNtKaCBIamHsjr2na1BiABJPo0mOjjz8GJDURarmCPGqaiVg5mfjb98CQ=="],

    "get-proto": ["get-proto@1.0.1", "", { "dependencies": { "dunder-proto": "^1.0.1", "es-object-atoms": "^1.0.0" } }, "sha512-sTSfBjoXBp89JvIKIefqw7U2CCebsc74kiY6awiGogKtoSGbgjYE/G/+l9sF3MWFPNc9IcoOC4ODfKHfxFmp0g=="],

    "gopd": ["gopd@1.2.0", "", {}, "sha512-ZUKRh6/kUFoAiTAtTYPZJ3hw9wNxx+BIBOijnlG9PnrJsCcSjs1wyyD6vJpaYtgnzDrKYRSqf3OO6Rfa93xsRg=="],

    "has-property-descriptors": ["has-property-descriptors@1.0.2", "", { "dependencies": { "es-define-property": "^1.0.0" } }, "sha512-55JNKuIW+vq4Ke1BjOTjM2YctQIvCT7GFzHwmfZPGo5wnrgkid0YQtnAleFSqumZm4az3n2BS+erby5ipJdgrg=="],

    "has-symbols": ["has-symbols@1.1.0", "", {}, "sha512-1cDNdwJ2Jaohmb3sg4OmKaMBwuC48sYni5HUw2DvsC8LjGTLK9h+eb1X6RyuOHe4hT0ULCW68iomhjUoKUqlPQ=="],

    "hasown": ["hasown@2.0.4", "", { "dependencies": { "function-bind": "^1.1.2" } }, "sha512-T2UbfbBEF32wiepXIsMlTW9+dDYC6wMh/t/vYA4tuOMKqWz/n3vr1NFSxQiyP+zk2mXsoMA/i/7qV6LKut1t1A=="],

    "isarray": ["isarray@2.0.5", "", {}, "sha512-xHjhDr3cNBK0BzdUJSPXZntQUx/mwMS5Rw4A7lPJ90XGAO6ISP/ePDNuo0vhqOZU+UD5JoodwCAAoZQd3FeAKw=="],

    "json-stable-stringify": ["json-stable-stringify@1.3.0", "", { "dependencies": { "call-bind": "^1.0.8", "call-bound": "^1.0.4", "isarray": "^2.0.5", "jsonify": "^0.0.1", "object-keys": "^1.1.1" } }, "sha512-qtYiSSFlwot9XHtF9bD9c7rwKjr+RecWT//ZnPvSmEjpV5mmPOCN4j8UjY5hbjNkOwZ/jQv3J6R1/pL7RwgMsg=="],

    "jsonify": ["jsonify@0.0.1", "", {}, "sha512-2/Ki0GcmuqSrgFyelQq9M05y7PS0mEwuIzrf3f1fPqkVDVRvZrPZtVSMHxdgo8Aq0sxAOb/cr2aqqA3LeWHVPg=="],

    "kleur": ["kleur@3.0.3", "", {}, "sha512-eTIzlVOSUR+JxdDFepEYcBMtZ9Qqdef+rnzWdRZuMbOywu5tO2w2N7rqjoANZ5k9vywhL6Br1VRjUIgTQx4E8w=="],

    "math-intrinsics": ["math-intrinsics@1.1.0", "", {}, "sha512-/IXtbwEk5HTPyEwyKX6hGkYXxM9nbj64B+ilVJnC/R6B0pH5G4V3b0pVbL7DBj4tkhBAppbQUlf6F6Xl9LHu1g=="],

    "object-keys": ["object-keys@1.1.1", "", {}, "sha512-NuAESUOUMrlIXOfHKzD6bpPu3tYt3xvjNdRIQ+FeT0lNb4K8WR70CaDxhuNguS2XG+GjkyMwOzsN5ZktImfhLA=="],

    "picocolors": ["picocolors@1.1.1", "", {}, "sha512-xceH2snhtb5M9liqDsmEw56le376mTZkEX/jEb/RxNFyegNul7eNslCXP9FDj/Lcu0X8KEyMceP2ntpaHrDEVA=="],

    "prettier": ["prettier@3.9.9", "", { "bin": { "prettier": "bin/prettier.cjs" } }, "sha512-Z/CJHIkdujO/OtN7nXUii0Rf3VT5SRuhjBA82Xvu2XhBUgX3nhP67T0LHceBdQLex7OOFGTox+Q5Yg8Jk2Qivg=="],

    "prompts": ["prompts@2.4.2", "", { "dependencies": { "kleur": "^3.0.3", "sisteransi": "^1.0.5" } }, "sha512-NxNv/kLguCA7p3jE8oL2aEBsrJWgAakBpgmgK6lpPWV+WuOmY6r2/zbAVnP+T8bQlA0nzHXSJSJW0Hq7ylaD2Q=="],

    "semver": ["semver@7.8.5", "", { "bin": { "semver": "bin/semver.js" } }, "sha512-Y7/KDsb8LjooZpwaqGyulO6DQlksgCncchHGk+sZIY4SBvUocMBEFH5Ur1fI4dV+Jvl0w6cjvucaIi40puRioA=="],

    "set-function-length": ["set-function-length@1.2.2", "", { "dependencies": { "define-data-property": "^1.1.4", "es-errors": "^1.3.0", "function-bind": "^1.1.2", "get-intrinsic": "^1.2.4", "gopd": "^1.0.1", "has-property-descriptors": "^1.0.2" } }, "sha512-pgRc4hJ4/sNjWCSS9AmnS40x3bNMDTknHgL5UaMBTMyJnU90EgWh1Rz+MC9eFu4BuN/UwZjKQuY/1v3rM7HMfg=="],

    "sisteransi": ["sisteransi@1.0.5", "", {}, "sha512-bLGGlR1QxBcynn2d5YmDX4MGjlZvy2MRBDRNHLJ8VI6l6+9FUiyTFNJ0IveOSP0bcXgVDPRcfGqA0pjaqUpfVg=="],

    "typescript": ["typescript@5.9.3", "", { "bin": { "tsc": "bin/tsc", "tsserver": "bin/tsserver" } }, "sha512-jl1vZzPDinLr9eUt3J/t7V6FgNEw9QjvBPdysz9KfQDD41fQrC2Y4vKQdiaUpFT4bXlb1RHhLpp8wtm6M5TgSw=="],

    "undici-types": ["undici-types@7.24.6", "", {}, "sha512-WRNW+sJgj5OBN4/0JpHFqtqzhpbnV0GuB+OozA9gCL7a993SmU+1JBZCzLNxYsbMfIeDL+lTsphD5jN5N+n0zg=="],

    "ws": ["ws@8.22.0", "", { "peerDependencies": { "bufferutil": "^4.0.1", "utf-8-validate": ">=5.0.2" }, "optionalPeers": ["bufferutil", "utf-8-validate"] }, "sha512-Ydggc987+RO0AnWtZ/7Wq9FtNvcrL1b/RO0ud9mWjUPgDrsAAwQSF51sm2hm1XofbU/4jkpGEsLFsZZxU+1DOg=="],

    "@solana/rpc-transport-http/undici-types": ["undici-types@8.11.2", "", {}, "sha512-iMVNmWZ0leK/goS6eXMizSzmm9CDWtyphwbaCms3DNLqRxDL+mMoNVcZMTyyVgXP0N+Z8neAMzDoUOUJL8veKg=="],
  }
}
